
Microsoft Visual Studio Solution File, Format Version 12.00
# Visual Studio Version 17
VisualStudioVersion = 17.11.35303.130
MinimumVisualStudioVersion = 10.0.40219.1
Project("{8BC9CEB8-8B4A-11D0-8D11-00A0C91BC942}") = "SnakeGame", "SnakeGame\SnakeGame.vcxproj", "{AE24AC9F-5675-478F-9763-41362C4978D4}"
EndProject
Global
	GlobalSection(SolutionConfigurationPlatforms) = preSolution
		Debug|x64 = Debug|x64
		Debug|x86 = Debug|x86
		Release|x64 = Release|x64
		Release|x86 = Release|x86
	EndGlobalSection
	GlobalSection(ProjectConfigurationPlatforms) = postSolution
		{AE24AC9F-5675-478F-9763-41362C4978D4}.Debug|x64.ActiveCfg = Debug|x64
		{AE24AC9F-5675-478F-9763-41362C4978D4}.Debug|x64.Build.0 = Debug|x64
		{AE24AC9F-5675-478F-9763-41362C4978D4}.Debug|x86.ActiveCfg = Debug|Win32
		{AE24AC9F-5675-478F-9763-41362C4978D4}.Debug|x86.Build.0 = Debug|Win32
		{AE24AC9F-5675-478F-9763-41362C4978D4}.Release|x64.ActiveCfg = Release|x64
		{AE24AC9F-5675-478F-9763-41362C4978D4}.Release|x64.Build.0 = Release|x64
		{AE24AC9F-5675-478F-9763-41362C4978D4}.Release|x86.ActiveCfg = Release|Win32
		{AE24AC9F-5675-478F-9763-41362C4978D4}.Release|x86.Build.0 = Release|Win32
	EndGlobalSection
	GlobalSection(SolutionProperties) = preSolution
		HideSolutionNode = FALSE
	EndGlobalSection
	GlobalSection(ExtensibilityGlobals) = postSolution
		SolutionGuid = {5A15279A-F38D-4AE6-9B87-30F74F9D735E}
	EndGlobalSection
EndGlobal
